// !$*UTF8*$!
{
	archiveVersion = 1;
	classes = {
	};
	objectVersion = 46;
	objects = {

/* Begin PBXBuildFile section */
		360361051CC94A69005F6A9F /* AppDelegate.swift in Sources */ = {isa = PBXBuildFile; fileRef = 360361041CC94A69005F6A9F /* AppDelegate.swift */; };
		360361071CC94A69005F6A9F /* ViewController.swift in Sources */ = {isa = PBXBuildFile; fileRef = 360361061CC94A69005F6A9F /* ViewController.swift */; };
		3603610D1CC94A69005F6A9F /* SamuraiSudokuBot.xcdatamodeld in Sources */ = {isa = PBXBuildFile; fileRef = 3603610B1CC94A69005F6A9F /* SamuraiSudokuBot.xcdatamodeld */; };
		3603610F1CC94A69005F6A9F /* Assets.xcassets in Resources */ = {isa = PBXBuildFile; fileRef = 3603610E1CC94A69005F6A9F /* Assets.xcassets */; };
		360361121CC94A69005F6A9F /* LaunchScreen.storyboard in Resources */ = {isa = PBXBuildFile; fileRef = 360361101CC94A69005F6A9F /* LaunchScreen.storyboard */; };
		3603611D1CC94A69005F6A9F /* SamuraiSudokuBotTests.swift in Sources */ = {isa = PBXBuildFile; fileRef = 3603611C1CC94A69005F6A9F /* SamuraiSudokuBotTests.swift */; };
		360361281CC94A69005F6A9F /* SamuraiSudokuBotUITests.swift in Sources */ = {isa = PBXBuildFile; fileRef = 360361271CC94A69005F6A9F /* SamuraiSudokuBotUITests.swift */; };
		3638F2A51CC94FE8004D65C8 /* BackingCell.swift in Sources */ = {isa = PBXBuildFile; fileRef = 3638F2A11CC94FE8004D65C8 /* BackingCell.swift */; };
		3638F2A61CC94FE8004D65C8 /* Puzzle+CoreDataProperties.swift in Sources */ = {isa = PBXBuildFile; fileRef = 3638F2A21CC94FE8004D65C8 /* Puzzle+CoreDataProperties.swift */; };
		3638F2A71CC94FE8004D65C8 /* Puzzle.swift in Sources */ = {isa = PBXBuildFile; fileRef = 3638F2A31CC94FE8004D65C8 /* Puzzle.swift */; };
		3638F2AC1CC95205004D65C8 /* KeyObjects.swift in Sources */ = {isa = PBXBuildFile; fileRef = 3638F2AB1CC95205004D65C8 /* KeyObjects.swift */; };
		3638F2AE1CC952BA004D65C8 /* LinkedList_and_Nodes.swift in Sources */ = {isa = PBXBuildFile; fileRef = 3638F2AD1CC952BA004D65C8 /* LinkedList_and_Nodes.swift */; };
		3638F2B61CC9537E004D65C8 /* SamuraiPuzzleGeneration.swift in Sources */ = {isa = PBXBuildFile; fileRef = 3638F2B51CC9537E004D65C8 /* SamuraiPuzzleGeneration.swift */; };
		3638F2B81CC9546D004D65C8 /* SamuraiMatrixExtension.swift in Sources */ = {isa = PBXBuildFile; fileRef = 3638F2B71CC9546D004D65C8 /* SamuraiMatrixExtension.swift */; };
		3638F2BA1CC9549D004D65C8 /* SudokuMatrix.swift in Sources */ = {isa = PBXBuildFile; fileRef = 3638F2B91CC9549D004D65C8 /* SudokuMatrix.swift */; };
		3638F2BC1CC955A9004D65C8 /* PuzzleDifficulty.swift in Sources */ = {isa = PBXBuildFile; fileRef = 3638F2BB1CC955A9004D65C8 /* PuzzleDifficulty.swift */; };
		3638F2BF1CC9560E004D65C8 /* Utils.swift in Sources */ = {isa = PBXBuildFile; fileRef = 3638F2BE1CC9560E004D65C8 /* Utils.swift */; };
		3638F2C21CC9576D004D65C8 /* PuzzleOptionsController.swift in Sources */ = {isa = PBXBuildFile; fileRef = 3638F2C11CC9576D004D65C8 /* PuzzleOptionsController.swift */; };
		3638F2C61CC957F5004D65C8 /* SamuraiViewController.swift in Sources */ = {isa = PBXBuildFile; fileRef = 3638F2C51CC957F5004D65C8 /* SamuraiViewController.swift */; };
		3638F2C81CC9582F004D65C8 /* SudokuViewControllers.swift in Sources */ = {isa = PBXBuildFile; fileRef = 3638F2C71CC9582F004D65C8 /* SudokuViewControllers.swift */; };
		3638F2CA1CC95858004D65C8 /* PuzzlePlayDelegateProtocol.swift in Sources */ = {isa = PBXBuildFile; fileRef = 3638F2C91CC95858004D65C8 /* PuzzlePlayDelegateProtocol.swift */; };
		3638F2CC1CC95935004D65C8 /* CoreDataStack.swift in Sources */ = {isa = PBXBuildFile; fileRef = 3638F2CB1CC95935004D65C8 /* CoreDataStack.swift */; };
		3638F2CF1CC95A2E004D65C8 /* PuzzleStore.swift in Sources */ = {isa = PBXBuildFile; fileRef = 3638F2CE1CC95A2E004D65C8 /* PuzzleStore.swift */; };
		36AD45AC1CC95C4D00CC4768 /* SudokuNumPad.swift in Sources */ = {isa = PBXBuildFile; fileRef = 36AD45AB1CC95C4D00CC4768 /* SudokuNumPad.swift */; };
		36AD45AE1CC95C7200CC4768 /* SSBBackgroundView.swift in Sources */ = {isa = PBXBuildFile; fileRef = 36AD45AD1CC95C7200CC4768 /* SSBBackgroundView.swift */; };
		36AD45B11CC95D3F00CC4768 /* SudokuViewObjects.swift in Sources */ = {isa = PBXBuildFile; fileRef = 36AD45B01CC95D3F00CC4768 /* SudokuViewObjects.swift */; };
		36AD45B31CC95D5200CC4768 /* SudokuBoard.swift in Sources */ = {isa = PBXBuildFile; fileRef = 36AD45B21CC95D5200CC4768 /* SudokuBoard.swift */; };
		36AD45B51CC95D6700CC4768 /* SudokuBox.swift in Sources */ = {isa = PBXBuildFile; fileRef = 36AD45B41CC95D6700CC4768 /* SudokuBox.swift */; };
		36AD45B71CC95D7C00CC4768 /* SudokuTile.swift in Sources */ = {isa = PBXBuildFile; fileRef = 36AD45B61CC95D7C00CC4768 /* SudokuTile.swift */; };
		36AD45B91CC960D000CC4768 /* BackingCell+CoreDataProperties.swift in Sources */ = {isa = PBXBuildFile; fileRef = 36AD45B81CC960D000CC4768 /* BackingCell+CoreDataProperties.swift */; };
		36AD45BC1CC9616D00CC4768 /* SamuraiUIExtensions.swift in Sources */ = {isa = PBXBuildFile; fileRef = 36AD45BB1CC9616D00CC4768 /* SamuraiUIExtensions.swift */; };
		36AD45C51CC9721D00CC4768 /* Main.storyboard in Resources */ = {isa = PBXBuildFile; fileRef = 36AD45C31CC9721D00CC4768 /* Main.storyboard */; };
/* End PBXBuildFile section */

/* Begin PBXContainerItemProxy section */
		360361191CC94A69005F6A9F /* PBXContainerItemProxy */ = {
			isa = PBXContainerItemProxy;
			containerPortal = 360360F91CC94A68005F6A9F /* Project object */;
			proxyType = 1;
			remoteGlobalIDString = 360361001CC94A68005F6A9F;
			remoteInfo = SamuraiSudokuBot;
		};
		360361241CC94A69005F6A9F /* PBXContainerItemProxy */ = {
			isa = PBXContainerItemProxy;
			containerPortal = 360360F91CC94A68005F6A9F /* Project object */;
			proxyType = 1;
			remoteGlobalIDString = 360361001CC94A68005F6A9F;
			remoteInfo = SamuraiSudokuBot;
		};
/* End PBXContainerItemProxy section */

/* Begin PBXFileReference section */
		360361011CC94A68005F6A9F /* SamuraiSudokuBot.app */ = {isa = PBXFileReference; explicitFileType = wrapper.application; includeInIndex = 0; path = SamuraiSudokuBot.app; sourceTree = BUILT_PRODUCTS_DIR; };
		360361041CC94A69005F6A9F /* AppDelegate.swift */ = {isa = PBXFileReference; lastKnownFileType = sourcecode.swift; path = AppDelegate.swift; sourceTree = "<group>"; };
		360361061CC94A69005F6A9F /* ViewController.swift */ = {isa = PBXFileReference; lastKnownFileType = sourcecode.swift; path = ViewController.swift; sourceTree = "<group>"; };
		3603610C1CC94A69005F6A9F /* SamuraiSudokuBot.xcdatamodel */ = {isa = PBXFileReference; lastKnownFileType = wrapper.xcdatamodel; path = SamuraiSudokuBot.xcdatamodel; sourceTree = "<group>"; };
		3603610E1CC94A69005F6A9F /* Assets.xcassets */ = {isa = PBXFileReference; lastKnownFileType = folder.assetcatalog; path = Assets.xcassets; sourceTree = "<group>"; };
		360361111CC94A69005F6A9F /* Base */ = {isa = PBXFileReference; lastKnownFileType = file.storyboard; name = Base; path = Base.lproj/LaunchScreen.storyboard; sourceTree = "<group>"; };
		360361131CC94A69005F6A9F /* Info.plist */ = {isa = PBXFileReference; lastKnownFileType = text.plist.xml; path = Info.plist; sourceTree = "<group>"; };
		360361181CC94A69005F6A9F /* SamuraiSudokuBotTests.xctest */ = {isa = PBXFileReference; explicitFileType = wrapper.cfbundle; includeInIndex = 0; path = SamuraiSudokuBotTests.xctest; sourceTree = BUILT_PRODUCTS_DIR; };
		3603611C1CC94A69005F6A9F /* SamuraiSudokuBotTests.swift */ = {isa = PBXFileReference; lastKnownFileType = sourcecode.swift; path = SamuraiSudokuBotTests.swift; sourceTree = "<group>"; };
		3603611E1CC94A69005F6A9F /* Info.plist */ = {isa = PBXFileReference; lastKnownFileType = text.plist.xml; path = Info.plist; sourceTree = "<group>"; };
		360361231CC94A69005F6A9F /* SamuraiSudokuBotUITests.xctest */ = {isa = PBXFileReference; explicitFileType = wrapper.cfbundle; includeInIndex = 0; path = SamuraiSudokuBotUITests.xctest; sourceTree = BUILT_PRODUCTS_DIR; };
		360361271CC94A69005F6A9F /* SamuraiSudokuBotUITests.swift */ = {isa = PBXFileReference; lastKnownFileType = sourcecode.swift; path = SamuraiSudokuBotUITests.swift; sourceTree = "<group>"; };
		360361291CC94A69005F6A9F /* Info.plist */ = {isa = PBXFileReference; lastKnownFileType = text.plist.xml; path = Info.plist; sourceTree = "<group>"; };
		3638F2A11CC94FE8004D65C8 /* BackingCell.swift */ = {isa = PBXFileReference; fileEncoding = 4; lastKnownFileType = sourcecode.swift; name = BackingCell.swift; path = ../BackingCell.swift; sourceTree = "<group>"; };
		3638F2A21CC94FE8004D65C8 /* Puzzle+CoreDataProperties.swift */ = {isa = PBXFileReference; fileEncoding = 4; lastKnownFileType = sourcecode.swift; name = "Puzzle+CoreDataProperties.swift"; path = "../Puzzle+CoreDataProperties.swift"; sourceTree = "<group>"; };
		3638F2A31CC94FE8004D65C8 /* Puzzle.swift */ = {isa = PBXFileReference; fileEncoding = 4; lastKnownFileType = sourcecode.swift; name = Puzzle.swift; path = ../Puzzle.swift; sourceTree = "<group>"; };
		3638F2AB1CC95205004D65C8 /* KeyObjects.swift */ = {isa = PBXFileReference; fileEncoding = 4; lastKnownFileType = sourcecode.swift; path = KeyObjects.swift; sourceTree = "<group>"; };
		3638F2AD1CC952BA004D65C8 /* LinkedList_and_Nodes.swift */ = {isa = PBXFileReference; fileEncoding = 4; lastKnownFileType = sourcecode.swift; path = LinkedList_and_Nodes.swift; sourceTree = "<group>"; };
		3638F2B51CC9537E004D65C8 /* SamuraiPuzzleGeneration.swift */ = {isa = PBXFileReference; fileEncoding = 4; lastKnownFileType = sourcecode.swift; path = SamuraiPuzzleGeneration.swift; sourceTree = "<group>"; };
		3638F2B71CC9546D004D65C8 /* SamuraiMatrixExtension.swift */ = {isa = PBXFileReference; fileEncoding = 4; lastKnownFileType = sourcecode.swift; path = SamuraiMatrixExtension.swift; sourceTree = "<group>"; };
		3638F2B91CC9549D004D65C8 /* SudokuMatrix.swift */ = {isa = PBXFileReference; fileEncoding = 4; lastKnownFileType = sourcecode.swift; path = SudokuMatrix.swift; sourceTree = "<group>"; };
		3638F2BB1CC955A9004D65C8 /* PuzzleDifficulty.swift */ = {isa = PBXFileReference; fileEncoding = 4; lastKnownFileType = sourcecode.swift; path = PuzzleDifficulty.swift; sourceTree = "<group>"; };
		3638F2BE1CC9560E004D65C8 /* Utils.swift */ = {isa = PBXFileReference; fileEncoding = 4; lastKnownFileType = sourcecode.swift; path = Utils.swift; sourceTree = "<group>"; };
		3638F2C11CC9576D004D65C8 /* PuzzleOptionsController.swift */ = {isa = PBXFileReference; fileEncoding = 4; lastKnownFileType = sourcecode.swift; path = PuzzleOptionsController.swift; sourceTree = "<group>"; };
		3638F2C51CC957F5004D65C8 /* SamuraiViewController.swift */ = {isa = PBXFileReference; fileEncoding = 4; lastKnownFileType = sourcecode.swift; path = SamuraiViewController.swift; sourceTree = "<group>"; };
		3638F2C71CC9582F004D65C8 /* SudokuViewControllers.swift */ = {isa = PBXFileReference; fileEncoding = 4; lastKnownFileType = sourcecode.swift; path = SudokuViewControllers.swift; sourceTree = "<group>"; };
		3638F2C91CC95858004D65C8 /* PuzzlePlayDelegateProtocol.swift */ = {isa = PBXFileReference; fileEncoding = 4; lastKnownFileType = sourcecode.swift; path = PuzzlePlayDelegateProtocol.swift; sourceTree = "<group>"; };
		3638F2CB1CC95935004D65C8 /* CoreDataStack.swift */ = {isa = PBXFileReference; fileEncoding = 4; lastKnownFileType = sourcecode.swift; path = CoreDataStack.swift; sourceTree = "<group>"; };
		3638F2CE1CC95A2E004D65C8 /* PuzzleStore.swift */ = {isa = PBXFileReference; fileEncoding = 4; lastKnownFileType = sourcecode.swift; path = PuzzleStore.swift; sourceTree = "<group>"; };
		36AD45AB1CC95C4D00CC4768 /* SudokuNumPad.swift */ = {isa = PBXFileReference; fileEncoding = 4; lastKnownFileType = sourcecode.swift; path = SudokuNumPad.swift; sourceTree = "<group>"; };
		36AD45AD1CC95C7200CC4768 /* SSBBackgroundView.swift */ = {isa = PBXFileReference; fileEncoding = 4; lastKnownFileType = sourcecode.swift; path = SSBBackgroundView.swift; sourceTree = "<group>"; };
		36AD45B01CC95D3F00CC4768 /* SudokuViewObjects.swift */ = {isa = PBXFileReference; fileEncoding = 4; lastKnownFileType = sourcecode.swift; path = SudokuViewObjects.swift; sourceTree = "<group>"; };
		36AD45B21CC95D5200CC4768 /* SudokuBoard.swift */ = {isa = PBXFileReference; fileEncoding = 4; lastKnownFileType = sourcecode.swift; path = SudokuBoard.swift; sourceTree = "<group>"; };
		36AD45B41CC95D6700CC4768 /* SudokuBox.swift */ = {isa = PBXFileReference; fileEncoding = 4; lastKnownFileType = sourcecode.swift; path = SudokuBox.swift; sourceTree = "<group>"; };
		36AD45B61CC95D7C00CC4768 /* SudokuTile.swift */ = {isa = PBXFileReference; fileEncoding = 4; lastKnownFileType = sourcecode.swift; path = SudokuTile.swift; sourceTree = "<group>"; };
		36AD45B81CC960D000CC4768 /* BackingCell+CoreDataProperties.swift */ = {isa = PBXFileReference; fileEncoding = 4; lastKnownFileType = sourcecode.swift; name = "BackingCell+CoreDataProperties.swift"; path = "../BackingCell+CoreDataProperties.swift"; sourceTree = "<group>"; };
		36AD45BB1CC9616D00CC4768 /* SamuraiUIExtensions.swift */ = {isa = PBXFileReference; fileEncoding = 4; lastKnownFileType = sourcecode.swift; path = SamuraiUIExtensions.swift; sourceTree = "<group>"; };
		36AD45C41CC9721D00CC4768 /* Base */ = {isa = PBXFileReference; lastKnownFileType = file.storyboard; name = Base; path = Base.lproj/Main.storyboard; sourceTree = "<group>"; };
/* End PBXFileReference section */

/* Begin PBXFrameworksBuildPhase section */
		360360FE1CC94A68005F6A9F /* Frameworks */ = {
			isa = PBXFrameworksBuildPhase;
			buildActionMask = 2147483647;
			files = (
			);
			runOnlyForDeploymentPostprocessing = 0;
		};
		360361151CC94A69005F6A9F /* Frameworks */ = {
			isa = PBXFrameworksBuildPhase;
			buildActionMask = 2147483647;
			files = (
			);
			runOnlyForDeploymentPostprocessing = 0;
		};
		360361201CC94A69005F6A9F /* Frameworks */ = {
			isa = PBXFrameworksBuildPhase;
			buildActionMask = 2147483647;
			files = (
			);
			runOnlyForDeploymentPostprocessing = 0;
		};
/* End PBXFrameworksBuildPhase section */

/* Begin PBXGroup section */
		360360F81CC94A68005F6A9F = {
			isa = PBXGroup;
			children = (
				360361031CC94A69005F6A9F /* SamuraiSudokuBot */,
				3603611B1CC94A69005F6A9F /* SamuraiSudokuBotTests */,
				360361261CC94A69005F6A9F /* SamuraiSudokuBotUITests */,
				360361021CC94A68005F6A9F /* Products */,
			);
			sourceTree = "<group>";
		};
		360361021CC94A68005F6A9F /* Products */ = {
			isa = PBXGroup;
			children = (
				360361011CC94A68005F6A9F /* SamuraiSudokuBot.app */,
				360361181CC94A69005F6A9F /* SamuraiSudokuBotTests.xctest */,
				360361231CC94A69005F6A9F /* SamuraiSudokuBotUITests.xctest */,
			);
			name = Products;
			sourceTree = "<group>";
		};
		360361031CC94A69005F6A9F /* SamuraiSudokuBot */ = {
			isa = PBXGroup;
			children = (
				360361041CC94A69005F6A9F /* AppDelegate.swift */,
				360361061CC94A69005F6A9F /* ViewController.swift */,
				3603610E1CC94A69005F6A9F /* Assets.xcassets */,
				360361131CC94A69005F6A9F /* Info.plist */,
				3603610B1CC94A69005F6A9F /* SamuraiSudokuBot.xcdatamodeld */,
				3638F2C01CC95749004D65C8 /* Controllers */,
				3638F29F1CC94EE9004D65C8 /* Model */,
				3638F2CD1CC959EB004D65C8 /* PuzzleStore */,
				3638F2AA1CC951B6004D65C8 /* SudokuLogic */,
				3638F2D01CC95A45004D65C8 /* UI */,
				3638F2BD1CC955F0004D65C8 /* Utils */,
				3638F2CB1CC95935004D65C8 /* CoreDataStack.swift */,
			);
			path = SamuraiSudokuBot;
			sourceTree = "<group>";
		};
		3603611B1CC94A69005F6A9F /* SamuraiSudokuBotTests */ = {
			isa = PBXGroup;
			children = (
				3603611C1CC94A69005F6A9F /* SamuraiSudokuBotTests.swift */,
				3603611E1CC94A69005F6A9F /* Info.plist */,
			);
			path = SamuraiSudokuBotTests;
			sourceTree = "<group>";
		};
		360361261CC94A69005F6A9F /* SamuraiSudokuBotUITests */ = {
			isa = PBXGroup;
			children = (
				360361271CC94A69005F6A9F /* SamuraiSudokuBotUITests.swift */,
				360361291CC94A69005F6A9F /* Info.plist */,
			);
			path = SamuraiSudokuBotUITests;
			sourceTree = "<group>";
		};
		3638F29F1CC94EE9004D65C8 /* Model */ = {
			isa = PBXGroup;
			children = (
				36AD45B81CC960D000CC4768 /* BackingCell+CoreDataProperties.swift */,
				3638F2A31CC94FE8004D65C8 /* Puzzle.swift */,
				3638F2A21CC94FE8004D65C8 /* Puzzle+CoreDataProperties.swift */,
				3638F2A11CC94FE8004D65C8 /* BackingCell.swift */,
			);
			name = Model;
			sourceTree = "<group>";
		};
		3638F2AA1CC951B6004D65C8 /* SudokuLogic */ = {
			isa = PBXGroup;
			children = (
				3638F2B01CC952E0004D65C8 /* Algorithm */,
				3638F2AF1CC952CE004D65C8 /* DataStructure */,
			);
			name = SudokuLogic;
			sourceTree = "<group>";
		};
		3638F2AF1CC952CE004D65C8 /* DataStructure */ = {
			isa = PBXGroup;
			children = (
				3638F2AD1CC952BA004D65C8 /* LinkedList_and_Nodes.swift */,
				3638F2AB1CC95205004D65C8 /* KeyObjects.swift */,
			);
			name = DataStructure;
			sourceTree = "<group>";
		};
		3638F2B01CC952E0004D65C8 /* Algorithm */ = {
			isa = PBXGroup;
			children = (
				3638F2B21CC952FE004D65C8 /* Samurai */,
				3638F2B11CC952F3004D65C8 /* Regular */,
			);
			name = Algorithm;
			sourceTree = "<group>";
		};
		3638F2B11CC952F3004D65C8 /* Regular */ = {
			isa = PBXGroup;
			children = (
				3638F2B91CC9549D004D65C8 /* SudokuMatrix.swift */,
				3638F2BB1CC955A9004D65C8 /* PuzzleDifficulty.swift */,
			);
			name = Regular;
			sourceTree = "<group>";
		};
		3638F2B21CC952FE004D65C8 /* Samurai */ = {
			isa = PBXGroup;
			children = (
				3638F2B51CC9537E004D65C8 /* SamuraiPuzzleGeneration.swift */,
				3638F2B71CC9546D004D65C8 /* SamuraiMatrixExtension.swift */,
			);
			name = Samurai;
			sourceTree = "<group>";
		};
		3638F2BD1CC955F0004D65C8 /* Utils */ = {
			isa = PBXGroup;
			children = (
				3638F2BE1CC9560E004D65C8 /* Utils.swift */,
			);
			name = Utils;
			sourceTree = "<group>";
		};
		3638F2C01CC95749004D65C8 /* Controllers */ = {
			isa = PBXGroup;
			children = (
				3638F2C41CC957B4004D65C8 /* Samurai */,
				3638F2C31CC957A8004D65C8 /* Regular */,
				3638F2C11CC9576D004D65C8 /* PuzzleOptionsController.swift */,
			);
			name = Controllers;
			sourceTree = "<group>";
		};
		3638F2C31CC957A8004D65C8 /* Regular */ = {
			isa = PBXGroup;
			children = (
				3638F2C71CC9582F004D65C8 /* SudokuViewControllers.swift */,
				3638F2C91CC95858004D65C8 /* PuzzlePlayDelegateProtocol.swift */,
			);
			name = Regular;
			sourceTree = "<group>";
		};
		3638F2C41CC957B4004D65C8 /* Samurai */ = {
			isa = PBXGroup;
			children = (
				3638F2C51CC957F5004D65C8 /* SamuraiViewController.swift */,
			);
			name = Samurai;
			sourceTree = "<group>";
		};
		3638F2CD1CC959EB004D65C8 /* PuzzleStore */ = {
			isa = PBXGroup;
			children = (
				3638F2CE1CC95A2E004D65C8 /* PuzzleStore.swift */,
			);
			name = PuzzleStore;
			sourceTree = "<group>";
		};
		3638F2D01CC95A45004D65C8 /* UI */ = {
			isa = PBXGroup;
			children = (
				36AD45C31CC9721D00CC4768 /* Main.storyboard */,
				360361101CC94A69005F6A9F /* LaunchScreen.storyboard */,
				36AD45AB1CC95C4D00CC4768 /* SudokuNumPad.swift */,
				36AD45AD1CC95C7200CC4768 /* SSBBackgroundView.swift */,
				36AD45AF1CC95CFF00CC4768 /* SudokuViews */,
			);
			name = UI;
			sourceTree = "<group>";
		};
		36AD45AF1CC95CFF00CC4768 /* SudokuViews */ = {
			isa = PBXGroup;
			children = (
				36AD45BA1CC9614100CC4768 /* SamuraiViews */,
				36AD45B01CC95D3F00CC4768 /* SudokuViewObjects.swift */,
				36AD45B21CC95D5200CC4768 /* SudokuBoard.swift */,
				36AD45B41CC95D6700CC4768 /* SudokuBox.swift */,
				36AD45B61CC95D7C00CC4768 /* SudokuTile.swift */,
			);
			name = SudokuViews;
			sourceTree = "<group>";
		};
		36AD45BA1CC9614100CC4768 /* SamuraiViews */ = {
			isa = PBXGroup;
			children = (
				36AD45BB1CC9616D00CC4768 /* SamuraiUIExtensions.swift */,
			);
			name = SamuraiViews;
			sourceTree = "<group>";
		};
/* End PBXGroup section */

/* Begin PBXNativeTarget section */
		360361001CC94A68005F6A9F /* SamuraiSudokuBot */ = {
			isa = PBXNativeTarget;
			buildConfigurationList = 3603612C1CC94A69005F6A9F /* Build configuration list for PBXNativeTarget "SamuraiSudokuBot" */;
			buildPhases = (
				360360FD1CC94A68005F6A9F /* Sources */,
				360360FE1CC94A68005F6A9F /* Frameworks */,
				360360FF1CC94A68005F6A9F /* Resources */,
			);
			buildRules = (
			);
			dependencies = (
			);
			name = SamuraiSudokuBot;
			productName = SamuraiSudokuBot;
			productReference = 360361011CC94A68005F6A9F /* SamuraiSudokuBot.app */;
			productType = "com.apple.product-type.application";
		};
		360361171CC94A69005F6A9F /* SamuraiSudokuBotTests */ = {
			isa = PBXNativeTarget;
			buildConfigurationList = 3603612F1CC94A69005F6A9F /* Build configuration list for PBXNativeTarget "SamuraiSudokuBotTests" */;
			buildPhases = (
				360361141CC94A69005F6A9F /* Sources */,
				360361151CC94A69005F6A9F /* Frameworks */,
				360361161CC94A69005F6A9F /* Resources */,
			);
			buildRules = (
			);
			dependencies = (
				3603611A1CC94A69005F6A9F /* PBXTargetDependency */,
			);
			name = SamuraiSudokuBotTests;
			productName = SamuraiSudokuBotTests;
			productReference = 360361181CC94A69005F6A9F /* SamuraiSudokuBotTests.xctest */;
			productType = "com.apple.product-type.bundle.unit-test";
		};
		360361221CC94A69005F6A9F /* SamuraiSudokuBotUITests */ = {
			isa = PBXNativeTarget;
			buildConfigurationList = 360361321CC94A69005F6A9F /* Build configuration list for PBXNativeTarget "SamuraiSudokuBotUITests" */;
			buildPhases = (
				3603611F1CC94A69005F6A9F /* Sources */,
				360361201CC94A69005F6A9F /* Frameworks */,
				360361211CC94A69005F6A9F /* Resources */,
			);
			buildRules = (
			);
			dependencies = (
				360361251CC94A69005F6A9F /* PBXTargetDependency */,
			);
			name = SamuraiSudokuBotUITests;
			productName = SamuraiSudokuBotUITests;
			productReference = 360361231CC94A69005F6A9F /* SamuraiSudokuBotUITests.xctest */;
			productType = "com.apple.product-type.bundle.ui-testing";
		};
/* End PBXNativeTarget section */

/* Begin PBXProject section */
		360360F91CC94A68005F6A9F /* Project object */ = {
			isa = PBXProject;
			attributes = {
				LastSwiftUpdateCheck = 0730;
				LastUpgradeCheck = 0730;
				ORGANIZATIONNAME = "Isaac Benham";
				TargetAttributes = {
					360361001CC94A68005F6A9F = {
						CreatedOnToolsVersion = 7.3;
					};
					360361171CC94A69005F6A9F = {
						CreatedOnToolsVersion = 7.3;
						TestTargetID = 360361001CC94A68005F6A9F;
					};
					360361221CC94A69005F6A9F = {
						CreatedOnToolsVersion = 7.3;
						TestTargetID = 360361001CC94A68005F6A9F;
					};
				};
			};
			buildConfigurationList = 360360FC1CC94A68005F6A9F /* Build configuration list for PBXProject "SamuraiSudokuBot" */;
			compatibilityVersion = "Xcode 3.2";
			developmentRegion = English;
			hasScannedForEncodings = 0;
			knownRegions = (
				en,
				Base,
			);
			mainGroup = 360360F81CC94A68005F6A9F;
			productRefGroup = 360361021CC94A68005F6A9F /* Products */;
			projectDirPath = "";
			projectRoot = "";
			targets = (
				360361001CC94A68005F6A9F /* SamuraiSudokuBot */,
				360361171CC94A69005F6A9F /* SamuraiSudokuBotTests */,
				360361221CC94A69005F6A9F /* SamuraiSudokuBotUITests */,
			);
		};
/* End PBXProject section */

/* Begin PBXResourcesBuildPhase section */
		360360FF1CC94A68005F6A9F /* Resources */ = {
			isa = PBXResourcesBuildPhase;
			buildActionMask = 2147483647;
			files = (
				36AD45C51CC9721D00CC4768 /* Main.storyboard in Resources */,
				360361121CC94A69005F6A9F /* LaunchScreen.storyboard in Resources */,
				3603610F1CC94A69005F6A9F /* Assets.xcassets in Resources */,
			);
			runOnlyForDeploymentPostprocessing = 0;
		};
		360361161CC94A69005F6A9F /* Resources */ = {
			isa = PBXResourcesBuildPhase;
			buildActionMask = 2147483647;
			files = (
			);
			runOnlyForDeploymentPostprocessing = 0;
		};
		360361211CC94A69005F6A9F /* Resources */ = {
			isa = PBXResourcesBuildPhase;
			buildActionMask = 2147483647;
			files = (
			);
			runOnlyForDeploymentPostprocessing = 0;
		};
/* End PBXResourcesBuildPhase section */

/* Begin PBXSourcesBuildPhase section */
		360360FD1CC94A68005F6A9F /* Sources */ = {
			isa = PBXSourcesBuildPhase;
			buildActionMask = 2147483647;
			files = (
				3638F2AE1CC952BA004D65C8 /* LinkedList_and_Nodes.swift in Sources */,
				3638F2BA1CC9549D004D65C8 /* SudokuMatrix.swift in Sources */,
				36AD45B11CC95D3F00CC4768 /* SudokuViewObjects.swift in Sources */,
				360361071CC94A69005F6A9F /* ViewController.swift in Sources */,
				3638F2CF1CC95A2E004D65C8 /* PuzzleStore.swift in Sources */,
				3638F2BF1CC9560E004D65C8 /* Utils.swift in Sources */,
				36AD45B51CC95D6700CC4768 /* SudokuBox.swift in Sources */,
				3638F2C21CC9576D004D65C8 /* PuzzleOptionsController.swift in Sources */,
				3638F2BC1CC955A9004D65C8 /* PuzzleDifficulty.swift in Sources */,
				3638F2CA1CC95858004D65C8 /* PuzzlePlayDelegateProtocol.swift in Sources */,
				36AD45BC1CC9616D00CC4768 /* SamuraiUIExtensions.swift in Sources */,
				36AD45B71CC95D7C00CC4768 /* SudokuTile.swift in Sources */,
				3638F2A71CC94FE8004D65C8 /* Puzzle.swift in Sources */,
				36AD45AC1CC95C4D00CC4768 /* SudokuNumPad.swift in Sources */,
				3638F2CC1CC95935004D65C8 /* CoreDataStack.swift in Sources */,
				3638F2C61CC957F5004D65C8 /* SamuraiViewController.swift in Sources */,
				36AD45B91CC960D000CC4768 /* BackingCell+CoreDataProperties.swift in Sources */,
				3638F2A61CC94FE8004D65C8 /* Puzzle+CoreDataProperties.swift in Sources */,
				3638F2A51CC94FE8004D65C8 /* BackingCell.swift in Sources */,
				36AD45B31CC95D5200CC4768 /* SudokuBoard.swift in Sources */,
				3638F2B81CC9546D004D65C8 /* SamuraiMatrixExtension.swift in Sources */,
				36AD45AE1CC95C7200CC4768 /* SSBBackgroundView.swift in Sources */,
				360361051CC94A69005F6A9F /* AppDelegate.swift in Sources */,
				3638F2AC1CC95205004D65C8 /* KeyObjects.swift in Sources */,
				3638F2B61CC9537E004D65C8 /* SamuraiPuzzleGeneration.swift in Sources */,
				3638F2C81CC9582F004D65C8 /* SudokuViewControllers.swift in Sources */,
				3603610D1CC94A69005F6A9F /* SamuraiSudokuBot.xcdatamodeld in Sources */,
			);
			runOnlyForDeploymentPostprocessing = 0;
		};
		360361141CC94A69005F6A9F /* Sources */ = {
			isa = PBXSourcesBuildPhase;
			buildActionMask = 2147483647;
			files = (
				3603611D1CC94A69005F6A9F /* SamuraiSudokuBotTests.swift in Sources */,
			);
			runOnlyForDeploymentPostprocessing = 0;
		};
		3603611F1CC94A69005F6A9F /* Sources */ = {
			isa = PBXSourcesBuildPhase;
			buildActionMask = 2147483647;
			files = (
				360361281CC94A69005F6A9F /* SamuraiSudokuBotUITests.swift in Sources */,
			);
			runOnlyForDeploymentPostprocessing = 0;
		};
/* End PBXSourcesBuildPhase section */

/* Begin PBXTargetDependency section */
		3603611A1CC94A69005F6A9F /* PBXTargetDependency */ = {
			isa = PBXTargetDependency;
			target = 360361001CC94A68005F6A9F /* SamuraiSudokuBot */;
			targetProxy = 360361191CC94A69005F6A9F /* PBXContainerItemProxy */;
		};
		360361251CC94A69005F6A9F /* PBXTargetDependency */ = {
			isa = PBXTargetDependency;
			target = 360361001CC94A68005F6A9F /* SamuraiSudokuBot */;
			targetProxy = 360361241CC94A69005F6A9F /* PBXContainerItemProxy */;
		};
/* End PBXTargetDependency section */

/* Begin PBXVariantGroup section */
		360361101CC94A69005F6A9F /* LaunchScreen.storyboard */ = {
			isa = PBXVariantGroup;
			children = (
				360361111CC94A69005F6A9F /* Base */,
			);
			name = LaunchScreen.storyboard;
			sourceTree = "<group>";
		};
		36AD45C31CC9721D00CC4768 /* Main.storyboard */ = {
			isa = PBXVariantGroup;
			children = (
				36AD45C41CC9721D00CC4768 /* Base */,
			);
			name = Main.storyboard;
			sourceTree = "<group>";
		};
/* End PBXVariantGroup section */

/* Begin XCBuildConfiguration section */
		3603612A1CC94A69005F6A9F /* Debug */ = {
			isa = XCBuildConfiguration;
			buildSettings = {
				ALWAYS_SEARCH_USER_PATHS = NO;
				CLANG_ANALYZER_NONNULL = YES;
				CLANG_CXX_LANGUAGE_STANDARD = "gnu++0x";
				CLANG_CXX_LIBRARY = "libc++";
				CLANG_ENABLE_MODULES = YES;
				CLANG_ENABLE_OBJC_ARC = YES;
				CLANG_WARN_BOOL_CONVERSION = YES;
				CLANG_WARN_CONSTANT_CONVERSION = YES;
				CLANG_WARN_DIRECT_OBJC_ISA_USAGE = YES_ERROR;
				CLANG_WARN_EMPTY_BODY = YES;
				CLANG_WARN_ENUM_CONVERSION = YES;
				CLANG_WARN_INT_CONVERSION = YES;
				CLANG_WARN_OBJC_ROOT_CLASS = YES_ERROR;
				CLANG_WARN_UNREACHABLE_CODE = YES;
				CLANG_WARN__DUPLICATE_METHOD_MATCH = YES;
				"CODE_SIGN_IDENTITY[sdk=iphoneos*]" = "iPhone Developer";
				COPY_PHASE_STRIP = NO;
				DEBUG_INFORMATION_FORMAT = dwarf;
				ENABLE_STRICT_OBJC_MSGSEND = YES;
				ENABLE_TESTABILITY = YES;
				GCC_C_LANGUAGE_STANDARD = gnu99;
				GCC_DYNAMIC_NO_PIC = NO;
				GCC_NO_COMMON_BLOCKS = YES;
				GCC_OPTIMIZATION_LEVEL = 0;
				GCC_PREPROCESSOR_DEFINITIONS = (
					"DEBUG=1",
					"$(inherited)",
				);
				GCC_WARN_64_TO_32_BIT_CONVERSION = YES;
				GCC_WARN_ABOUT_RETURN_TYPE = YES_ERROR;
				GCC_WARN_UNDECLARED_SELECTOR = YES;
				GCC_WARN_UNINITIALIZED_AUTOS = YES_AGGRESSIVE;
				GCC_WARN_UNUSED_FUNCTION = YES;
				GCC_WARN_UNUSED_VARIABLE = YES;
				IPHONEOS_DEPLOYMENT_TARGET = 9.3;
				MTL_ENABLE_DEBUG_INFO = YES;
				ONLY_ACTIVE_ARCH = YES;
				SDKROOT = iphoneos;
				SWIFT_OPTIMIZATION_LEVEL = "-Onone";
				TARGETED_DEVICE_FAMILY = 2;
			};
			name = Debug;
		};
		3603612B1CC94A69005F6A9F /* Release */ = {
			isa = XCBuildConfiguration;
			buildSettings = {
				ALWAYS_SEARCH_USER_PATHS = NO;
				CLANG_ANALYZER_NONNULL = YES;
				CLANG_CXX_LANGUAGE_STANDARD = "gnu++0x";
				CLANG_CXX_LIBRARY = "libc++";
				CLANG_ENABLE_MODULES = YES;
				CLANG_ENABLE_OBJC_ARC = YES;
				CLANG_WARN_BOOL_CONVERSION = YES;
				CLANG_WARN_CONSTANT_CONVERSION = YES;
				CLANG_WARN_DIRECT_OBJC_ISA_USAGE = YES_ERROR;
				CLANG_WARN_EMPTY_BODY = YES;
				CLANG_WARN_ENUM_CONVERSION = YES;
				CLANG_WARN_INT_CONVERSION = YES;
				CLANG_WARN_OBJC_ROOT_CLASS = YES_ERROR;
				CLANG_WARN_UNREACHABLE_CODE = YES;
				CLANG_WARN__DUPLICATE_METHOD_MATCH = YES;
				"CODE_SIGN_IDENTITY[sdk=iphoneos*]" = "iPhone Developer";
				COPY_PHASE_STRIP = NO;
				DEBUG_INFORMATION_FORMAT = "dwarf-with-dsym";
				ENABLE_NS_ASSERTIONS = NO;
				ENABLE_STRICT_OBJC_MSGSEND = YES;
				GCC_C_LANGUAGE_STANDARD = gnu99;
				GCC_NO_COMMON_BLOCKS = YES;
				GCC_WARN_64_TO_32_BIT_CONVERSION = YES;
				GCC_WARN_ABOUT_RETURN_TYPE = YES_ERROR;
				GCC_WARN_UNDECLARED_SELECTOR = YES;
				GCC_WARN_UNINITIALIZED_AUTOS = YES_AGGRESSIVE;
				GCC_WARN_UNUSED_FUNCTION = YES;
				GCC_WARN_UNUSED_VARIABLE = YES;
				IPHONEOS_DEPLOYMENT_TARGET = 9.3;
				MTL_ENABLE_DEBUG_INFO = NO;
				SDKROOT = iphoneos;
				TARGETED_DEVICE_FAMILY = 2;
				VALIDATE_PRODUCT = YES;
			};
			name = Release;
		};
		3603612D1CC94A69005F6A9F /* Debug */ = {
			isa = XCBuildConfiguration;
			buildSettings = {
				ASSETCATALOG_COMPILER_APPICON_NAME = AppIcon;
				INFOPLIST_FILE = SamuraiSudokuBot/Info.plist;
				LD_RUNPATH_SEARCH_PATHS = "$(inherited) @executable_path/Frameworks";
				PRODUCT_BUNDLE_IDENTIFIER = com.isaacbenham.SamuraiSudokuBot;
				PRODUCT_NAME = "$(TARGET_NAME)";
			};
			name = Debug;
		};
		3603612E1CC94A69005F6A9F /* Release */ = {
			isa = XCBuildConfiguration;
			buildSettings = {
				ASSETCATALOG_COMPILER_APPICON_NAME = AppIcon;
				INFOPLIST_FILE = SamuraiSudokuBot/Info.plist;
				LD_RUNPATH_SEARCH_PATHS = "$(inherited) @executable_path/Frameworks";
				PRODUCT_BUNDLE_IDENTIFIER = com.isaacbenham.SamuraiSudokuBot;
				PRODUCT_NAME = "$(TARGET_NAME)";
			};
			name = Release;
		};
		360361301CC94A69005F6A9F /* Debug */ = {
			isa = XCBuildConfiguration;
			buildSettings = {
				BUNDLE_LOADER = "$(TEST_HOST)";
				INFOPLIST_FILE = SamuraiSudokuBotTests/Info.plist;
				LD_RUNPATH_SEARCH_PATHS = "$(inherited) @executable_path/Frameworks @loader_path/Frameworks";
				PRODUCT_BUNDLE_IDENTIFIER = com.isaacbenham.SamuraiSudokuBotTests;
				PRODUCT_NAME = "$(TARGET_NAME)";
				TEST_HOST = "$(BUILT_PRODUCTS_DIR)/SamuraiSudokuBot.app/SamuraiSudokuBot";
			};
			name = Debug;
		};
		360361311CC94A69005F6A9F /* Release */ = {
			isa = XCBuildConfiguration;
			buildSettings = {
				BUNDLE_LOADER = "$(TEST_HOST)";
				INFOPLIST_FILE = SamuraiSudokuBotTests/Info.plist;
				LD_RUNPATH_SEARCH_PATHS = "$(inherited) @executable_path/Frameworks @loader_path/Frameworks";
				PRODUCT_BUNDLE_IDENTIFIER = com.isaacbenham.SamuraiSudokuBotTests;
				PRODUCT_NAME = "$(TARGET_NAME)";
				TEST_HOST = "$(BUILT_PRODUCTS_DIR)/SamuraiSudokuBot.app/SamuraiSudokuBot";
			};
			name = Release;
		};
		360361331CC94A69005F6A9F /* Debug */ = {
			isa = XCBuildConfiguration;
			buildSettings = {
				INFOPLIST_FILE = SamuraiSudokuBotUITests/Info.plist;
				LD_RUNPATH_SEARCH_PATHS = "$(inherited) @executable_path/Frameworks @loader_path/Frameworks";
				PRODUCT_BUNDLE_IDENTIFIER = com.isaacbenham.SamuraiSudokuBotUITests;
				PRODUCT_NAME = "$(TARGET_NAME)";
				TEST_TARGET_NAME = SamuraiSudokuBot;
			};
			name = Debug;
		};
		360361341CC94A69005F6A9F /* Release */ = {
			isa = XCBuildConfiguration;
			buildSettings = {
				INFOPLIST_FILE = SamuraiSudokuBotUITests/Info.plist;
				LD_RUNPATH_SEARCH_PATHS = "$(inherited) @executable_path/Frameworks @loader_path/Frameworks";
				PRODUCT_BUNDLE_IDENTIFIER = com.isaacbenham.SamuraiSudokuBotUITests;
				PRODUCT_NAME = "$(TARGET_NAME)";
				TEST_TARGET_NAME = SamuraiSudokuBot;
			};
			name = Release;
		};
/* End XCBuildConfiguration section */

/* Begin XCConfigurationList section */
		360360FC1CC94A68005F6A9F /* Build configuration list for PBXProject "SamuraiSudokuBot" */ = {
			isa = XCConfigurationList;
			buildConfigurations = (
				3603612A1CC94A69005F6A9F /* Debug */,
				3603612B1CC94A69005F6A9F /* Release */,
			);
			defaultConfigurationIsVisible = 0;
			defaultConfigurationName = Release;
		};
		3603612C1CC94A69005F6A9F /* Build configuration list for PBXNativeTarget "SamuraiSudokuBot" */ = {
			isa = XCConfigurationList;
			buildConfigurations = (
				3603612D1CC94A69005F6A9F /* Debug */,
				3603612E1CC94A69005F6A9F /* Release */,
			);
			defaultConfigurationIsVisible = 0;
			defaultConfigurationName = Release;
		};
		3603612F1CC94A69005F6A9F /* Build configuration list for PBXNativeTarget "SamuraiSudokuBotTests" */ = {
			isa = XCConfigurationList;
			buildConfigurations = (
				360361301CC94A69005F6A9F /* Debug */,
				360361311CC94A69005F6A9F /* Release */,
			);
			defaultConfigurationIsVisible = 0;
			defaultConfigurationName = Release;
		};
		360361321CC94A69005F6A9F /* Build configuration list for PBXNativeTarget "SamuraiSudokuBotUITests" */ = {
			isa = XCConfigurationList;
			buildConfigurations = (
				360361331CC94A69005F6A9F /* Debug */,
				360361341CC94A69005F6A9F /* Release */,
			);
			defaultConfigurationIsVisible = 0;
			defaultConfigurationName = Release;
		};
/* End XCConfigurationList section */

/* Begin XCVersionGroup section */
		3603610B1CC94A69005F6A9F /* SamuraiSudokuBot.xcdatamodeld */ = {
			isa = XCVersionGroup;
			children = (
				3603610C1CC94A69005F6A9F /* SamuraiSudokuBot.xcdatamodel */,
			);
			currentVersion = 3603610C1CC94A69005F6A9F /* SamuraiSudokuBot.xcdatamodel */;
			path = SamuraiSudokuBot.xcdatamodeld;
			sourceTree = "<group>";
			versionGroupType = wrapper.xcdatamodel;
		};
/* End XCVersionGroup section */
	};
	rootObject = 360360F91CC94A68005F6A9F /* Project object */;
}
